// !$*UTF8*$!
{
	archiveVersion = 1;
	classes = {
	};
	objectVersion = 46;
	objects = {

/* Begin PBXBuildFile section */
		82B86B431C64194300840B5E /* AppDelegate.swift in Sources */ = {isa = PBXBuildFile; fileRef = 82B86B421C64194300840B5E /* AppDelegate.swift */; };
		82B86B451C64194300840B5E /* ViewController.swift in Sources */ = {isa = PBXBuildFile; fileRef = 82B86B441C64194300840B5E /* ViewController.swift */; };
		82B86B481C64194300840B5E /* Main.storyboard in Resources */ = {isa = PBXBuildFile; fileRef = 82B86B461C64194300840B5E /* Main.storyboard */; };
		82B86B4A1C64194300840B5E /* Assets.xcassets in Resources */ = {isa = PBXBuildFile; fileRef = 82B86B491C64194300840B5E /* Assets.xcassets */; };
		82B86B4D1C64194300840B5E /* LaunchScreen.storyboard in Resources */ = {isa = PBXBuildFile; fileRef = 82B86B4B1C64194300840B5E /* LaunchScreen.storyboard */; };
/* End PBXBuildFile section */

/* Begin PBXFileReference section */
		82B86B3F1C64194300840B5E /* OrgPoint.app */ = {isa = PBXFileReference; explicitFileType = wrapper.application; includeInIndex = 0; path = OrgPoint.app; sourceTree = BUILT_PRODUCTS_DIR; };
		82B86B421C64194300840B5E /* AppDelegate.swift */ = {isa = PBXFileReference; lastKnownFileType = sourcecode.swift; path = AppDelegate.swift; sourceTree = "<group>"; };
		82B86B441C64194300840B5E /* ViewController.swift */ = {isa = PBXFileReference; lastKnownFileType = sourcecode.swift; path = ViewController.swift; sourceTree = "<group>"; };
		82B86B471C64194300840B5E /* Base */ = {isa = PBXFileReference; lastKnownFileType = file.storyboard; name = Base; path = Base.lproj/Main.storyboard; sourceTree = "<group>"; };
		82B86B491C64194300840B5E /* Assets.xcassets */ = {isa = PBXFileReference; lastKnownFileType = folder.assetcatalog; path = Assets.xcassets; sourceTree = "<group>"; };
		82B86B4C1C64194300840B5E /* Base */ = {isa = PBXFileReference; lastKnownFileType = file.storyboard; name = Base; path = Base.lproj/LaunchScreen.storyboard; sourceTree = "<group>"; };
		82B86B4E1C64194300840B5E /* Info.plist */ = {isa = PBXFileReference; lastKnownFileType = text.plist.xml; path = Info.plist; sourceTree = "<group>"; };
/* End PBXFileReference section */

/* Begin PBXFrameworksBuildPhase section */
		82B86B3C1C64194300840B5E /* Frameworks */ = {
			isa = PBXFrameworksBuildPhase;
			buildActionMask = 2147483647;
			files = (
			);
			runOnlyForDeploymentPostprocessing = 0;
		};
/* End PBXFrameworksBuildPhase section */

/* Begin PBXGroup section */
		82B86B361C64194300840B5E = {
			isa = PBXGroup;
			children = (
				82B86B411C64194300840B5E /* OrgPoint */,
				82B86B401C64194300840B5E /* Products */,
			);
			sourceTree = "<group>";
		};
		82B86B401C64194300840B5E /* Products */ = {
			isa = PBXGroup;
			children = (
				82B86B3F1C64194300840B5E /* OrgPoint.app */,
			);
			name = Products;
			sourceTree = "<group>";
		};
		82B86B411C64194300840B5E /* OrgPoint */ = {
			isa = PBXGroup;
			children = (
				82B86B421C64194300840B5E /* AppDelegate.swift */,
				82B86B441C64194300840B5E /* ViewController.swift */,
				82B86B461C64194300840B5E /* Main.storyboard */,
				82B86B491C64194300840B5E /* Assets.xcassets */,
				82B86B4B1C64194300840B5E /* LaunchScreen.storyboard */,
				82B86B4E1C64194300840B5E /* Info.plist */,
			);
			path = OrgPoint;
			sourceTree = "<group>";
		};
/* End PBXGroup section */

/* Begin PBXNativeTarget section */
		82B86B3E1C64194300840B5E /* OrgPoint */ = {
			isa = PBXNativeTarget;
			buildConfigurationList = 82B86B511C64194300840B5E /* Build configuration list for PBXNativeTarget "OrgPoint" */;
			buildPhases = (
				82B86B3B1C64194300840B5E /* Sources */,
				82B86B3C1C64194300840B5E /* Frameworks */,
				82B86B3D1C64194300840B5E /* Resources */,
			);
			buildRules = (
			);
			dependencies = (
			);
			name = OrgPoint;
			productName = OrgPoint;
			productReference = 82B86B3F1C64194300840B5E /* OrgPoint.app */;
			productType = "com.apple.product-type.application";
		};
/* End PBXNativeTarget section */

/* Begin PBXProject section */
		82B86B371C64194300840B5E /* Project object */ = {
			isa = PBXProject;
			attributes = {
				LastSwiftUpdateCheck = 0720;
				LastUpgradeCheck = 0720;
				ORGANIZATIONNAME = "Jose Calles";
				TargetAttributes = {
					82B86B3E1C64194300840B5E = {
						CreatedOnToolsVersion = 7.2;
					};
				};
			};
			buildConfigurationList = 82B86B3A1C64194300840B5E /* Build configuration list for PBXProject "OrgPoint" */;
			compatibilityVersion = "Xcode 3.2";
			developmentRegion = English;
			hasScannedForEncodings = 0;
			knownRegions = (
				en,
				Base,
			);
			mainGroup = 82B86B361C64194300840B5E;
			productRefGroup = 82B86B401C64194300840B5E /* Products */;
			projectDirPath = "";
			projectRoot = "";
			targets = (
				82B86B3E1C64194300840B5E /* OrgPoint */,
			);
		};
/* End PBXProject section */

/* Begin PBXResourcesBuildPhase section */
		82B86B3D1C64194300840B5E /* Resources */ = {
			isa = PBXResourcesBuildPhase;
			buildActionMask = 2147483647;
			files = (
				82B86B4D1C64194300840B5E /* LaunchScreen.storyboard in Resources */,
				82B86B4A1C64194300840B5E /* Assets.xcassets in Resources */,
				82B86B481C64194300840B5E /* Main.storyboard in Resources */,
			);
			runOnlyForDeploymentPostprocessing = 0;
		};
/* End PBXResourcesBuildPhase section */

/* Begin PBXSourcesBuildPhase section */
		82B86B3B1C64194300840B5E /* Sources */ = {
			isa = PBXSourcesBuildPhase;
			buildActionMask = 2147483647;
			files = (
				82B86B451C64194300840B5E /* ViewController.swift in Sources */,
				82B86B431C64194300840B5E /* AppDelegate.swift in Sources */,
			);
			runOnlyForDeploymentPostprocessing = 0;
		};
/* End PBXSourcesBuildPhase section */

/* Begin PBXVariantGroup section */
		82B86B461C64194300840B5E /* Main.storyboard */ = {
			isa = PBXVariantGroup;
			children = (
				82B86B471C64194300840B5E /* Base */,
			);
			name = Main.storyboard;
			sourceTree = "<group>";
		};
		82B86B4B1C64194300840B5E /* LaunchScreen.storyboard */ = {
			isa = PBXVariantGroup;
			children = (
				82B86B4C1C64194300840B5E /* Base */,
			);
			name = LaunchScreen.storyboard;
			sourceTree = "<group>";
		};
/* End PBXVariantGroup section */

/* Begin XCBuildConfiguration section */
		82B86B4F1C64194300840B5E /* Debug */ = {
			isa = XCBuildConfiguration;
			buildSettings = {
				ALWAYS_SEARCH_USER_PATHS = NO;
				CLANG_CXX_LANGUAGE_STANDARD = "gnu++0x";
				CLANG_CXX_LIBRARY = "libc++";
				CLANG_ENABLE_MODULES = YES;
				CLANG_ENABLE_OBJC_ARC = YES;
				CLANG_WARN_BOOL_CONVERSION = YES;
				CLANG_WARN_CONSTANT_CONVERSION = YES;
				CLANG_WARN_DIRECT_OBJC_ISA_USAGE = YES_ERROR;
				CLANG_WARN_EMPTY_BODY = YES;
				CLANG_WARN_ENUM_CONVERSION = YES;
				CLANG_WARN_INT_CONVERSION = YES;
				CLANG_WARN_OBJC_ROOT_CLASS = YES_ERROR;
				CLANG_WARN_UNREACHABLE_CODE = YES;
				CLANG_WARN__DUPLICATE_METHOD_MATCH = YES;
				"CODE_SIGN_IDENTITY[sdk=iphoneos*]" = "iPhone Developer";
				COPY_PHASE_STRIP = NO;
				DEBUG_INFORMATION_FORMAT = dwarf;
				ENABLE_STRICT_OBJC_MSGSEND = YES;
				ENABLE_TESTABILITY = YES;
				GCC_C_LANGUAGE_STANDARD = gnu99;
				GCC_DYNAMIC_NO_PIC = NO;
				GCC_NO_COMMON_BLOCKS = YES;
				GCC_OPTIMIZATION_LEVEL = 0;
				GCC_PREPROCESSOR_DEFINITIONS = (
					"DEBUG=1",
					"$(inherited)",
				);
				GCC_WARN_64_TO_32_BIT_CONVERSION = YES;
				GCC_WARN_ABOUT_RETURN_TYPE = YES_ERROR;
				GCC_WARN_UNDECLARED_SELECTOR = YES;
				GCC_WARN_UNINITIALIZED_AUTOS = YES_AGGRESSIVE;
				GCC_WARN_UNUSED_FUNCTION = YES;
				GCC_WARN_UNUSED_VARIABLE = YES;
				IPHONEOS_DEPLOYMENT_TARGET = 9.2;
				MTL_ENABLE_DEBUG_INFO = YES;
				ONLY_ACTIVE_ARCH = YES;
				SDKROOT = iphoneos;
				SWIFT_OPTIMIZATION_LEVEL = "-Onone";
			};
			name = Debug;
		};
		82B86B501C64194300840B5E /* Release */ = {
			isa = XCBuildConfiguration;
			buildSettings = {
				ALWAYS_SEARCH_USER_PATHS = NO;
				CLANG_CXX_LANGUAGE_STANDARD = "gnu++0x";
				CLANG_CXX_LIBRARY = "libc++";
				CLANG_ENABLE_MODULES = YES;
				CLANG_ENABLE_OBJC_ARC = YES;
				CLANG_WARN_BOOL_CONVERSION = YES;
				CLANG_WARN_CONSTANT_CONVERSION = YES;
				CLANG_WARN_DIRECT_OBJC_ISA_USAGE = YES_ERROR;
				CLANG_WARN_EMPTY_BODY = YES;
				CLANG_WARN_ENUM_CONVERSION = YES;
				CLANG_WARN_INT_CONVERSION = YES;
				CLANG_WARN_OBJC_ROOT_CLASS = YES_ERROR;
				CLANG_WARN_UNREACHABLE_CODE = YES;
				CLANG_WARN__DUPLICATE_METHOD_MATCH = YES;
				"CODE_SIGN_IDENTITY[sdk=iphoneos*]" = "iPhone Developer";
				COPY_PHASE_STRIP = NO;
				DEBUG_INFORMATION_FORMAT = "dwarf-with-dsym";
				ENABLE_NS_ASSERTIONS = NO;
				ENABLE_STRICT_OBJC_MSGSEND = YES;
				GCC_C_LANGUAGE_STANDARD = gnu99;
				GCC_NO_COMMON_BLOCKS = YES;
				GCC_WARN_64_TO_32_BIT_CONVERSION = YES;
				GCC_WARN_ABOUT_RETURN_TYPE = YES_ERROR;
				GCC_WARN_UNDECLARED_SELECTOR = YES;
				GCC_WARN_UNINITIALIZED_AUTOS = YES_AGGRESSIVE;
				GCC_WARN_UNUSED_FUNCTION = YES;
				GCC_WARN_UNUSED_VARIABLE = YES;
				IPHONEOS_DEPLOYMENT_TARGET = 9.2;
				MTL_ENABLE_DEBUG_INFO = NO;
				SDKROOT = iphoneos;
				VALIDATE_PRODUCT = YES;
			};
			name = Release;
		};
		82B86B521C64194300840B5E /* Debug */ = {
			isa = XCBuildConfiguration;
			buildSettings = {
				ASSETCATALOG_COMPILER_APPICON_NAME = AppIcon;
				INFOPLIST_FILE = OrgPoint/Info.plist;
				LD_RUNPATH_SEARCH_PATHS = "$(inherited) @executable_path/Frameworks";
				PRODUCT_BUNDLE_IDENTIFIER = com.josecalles.OrgPoint;
				PRODUCT_NAME = "$(TARGET_NAME)";
			};
			name = Debug;
		};
		82B86B531C64194300840B5E /* Release */ = {
			isa = XCBuildConfiguration;
			buildSettings = {
				ASSETCATALOG_COMPILER_APPICON_NAME = AppIcon;
				INFOPLIST_FILE = OrgPoint/Info.plist;
				LD_RUNPATH_SEARCH_PATHS = "$(inherited) @executable_path/Frameworks";
				PRODUCT_BUNDLE_IDENTIFIER = com.josecalles.OrgPoint;
				PRODUCT_NAME = "$(TARGET_NAME)";
			};
			name = Release;
		};
/* End XCBuildConfiguration section */

/* Begin XCConfigurationList section */
		82B86B3A1C64194300840B5E /* Build configuration list for PBXProject "OrgPoint" */ = {
			isa = XCConfigurationList;
			buildConfigurations = (
				82B86B4F1C64194300840B5E /* Debug */,
				82B86B501C64194300840B5E /* Release */,
			);
			defaultConfigurationIsVisible = 0;
			defaultConfigurationName = Release;
		};
		82B86B511C64194300840B5E /* Build configuration list for PBXNativeTarget "OrgPoint" */ = {
			isa = XCConfigurationList;
			buildConfigurations = (
				82B86B521C64194300840B5E /* Debug */,
				82B86B531C64194300840B5E /* Release */,
			);
			defaultConfigurationIsVisible = 0;
		};
/* End XCConfigurationList section */
	};
	rootObject = 82B86B371C64194300840B5E /* Project object */;
}
